
Microsoft Visual Studio Solution File, Format Version 12.00
# Visual Studio Version 17
VisualStudioVersion = 17.0.31903.59
MinimumVisualStudioVersion = 10.0.40219.1
Project("{2150E333-8FDC-42A3-9474-1A3956D46DE8}") = "plugins", "plugins", "{07D57EEB-2F50-60C4-C011-FE4FA775C9A8}"
EndProject
Project("{2150E333-8FDC-42A3-9474-1A3956D46DE8}") = "payroll", "payroll", "{B7CC8CD0-A0AD-9C63-30DA-1E3A37340A92}"
EndProject
Project("{FAE04EC0-301F-11D3-BF4B-00C04F79EFBC}") = "WM.Plugins.DemoPayroll", "plugins\payroll\WM.Plugins.DemoPayroll\WM.Plugins.DemoPayroll.csproj", "{D3BAC62C-FD58-4A02-BE4C-71936B661BAC}"
EndProject
Project("{FAE04EC0-301F-11D3-BF4B-00C04F79EFBC}") = "WM.Api", "src\Api\WM.Api\WM.Api.csproj", "{30FA548A-ADE5-4578-84EA-3099DC88A090}"
EndProject
Project("{FAE04EC0-301F-11D3-BF4B-00C04F79EFBC}") = "WM.Licensing", "src\Licensing\WM.Licensing\WM.Licensing.csproj", "{BAB6EB0C-3822-45F6-AF95-790B18BC0354}"
EndProject
Project("{FAE04EC0-301F-11D3-BF4B-00C04F79EFBC}") = "WM.Licensing.Generator", "src\Licensing\WM.Licensing.Generator\WM.Licensing.Generator.csproj", "{2CE96B9A-0634-43D3-9B6E-FAFA99272E6A}"
EndProject
Project("{FAE04EC0-301F-11D3-BF4B-00C04F79EFBC}") = "WM.Modules.Identity", "src\Modules\Identity\WM.Modules.Identity\WM.Modules.Identity.csproj", "{03C10CBD-358B-4003-AE7A-A6787CB70FEE}"
EndProject
Project("{FAE04EC0-301F-11D3-BF4B-00C04F79EFBC}") = "WM.Modules.People", "src\Modules\People\WM.Modules.People\WM.Modules.People.csproj", "{DB33FD7D-802B-40B9-88C5-DCB2E320F094}"
EndProject
Project("{FAE04EC0-301F-11D3-BF4B-00C04F79EFBC}") = "WM.Modules.TimeAttendance", "src\Modules\TimeAttendance\WM.Modules.TimeAttendance\WM.Modules.TimeAttendance.csproj", "{FC2CC4D2-2901-40D6-9E43-9B66EAF71C6D}"
EndProject
Project("{FAE04EC0-301F-11D3-BF4B-00C04F79EFBC}") = "WM.Plugins.Abstractions", "src\PluginSdk\WM.Plugins.Abstractions\WM.Plugins.Abstractions.csproj", "{76537EA9-E0B0-4573-BC05-47E4E65A0A99}"
EndProject
Project("{FAE04EC0-301F-11D3-BF4B-00C04F79EFBC}") = "WM.SharedKernel", "src\SharedKernel\WM.SharedKernel\WM.SharedKernel.csproj", "{DE10BC14-58A9-4B9D-B9E3-0DAAA9AC7D8B}"
EndProject
Project("{FAE04EC0-301F-11D3-BF4B-00C04F79EFBC}") = "WM.Worker", "src\Worker\WM.Worker\WM.Worker.csproj", "{7E05EFA2-BB5B-45A0-BC30-52E65FD449DC}"
EndProject
Project("{2150E333-8FDC-42A3-9474-1A3956D46DE8}") = "src", "src", "{827E0CD3-B72D-47B6-A68D-7590B98EB39B}"
EndProject
Project("{2150E333-8FDC-42A3-9474-1A3956D46DE8}") = "SharedKernel", "SharedKernel", "{85F909CB-8F14-ECC8-BA9D-713D1771907F}"
EndProject
Project("{FAE04EC0-301F-11D3-BF4B-00C04F79EFBC}") = "WM.SharedKernel.Tests", "src\SharedKernel\WM.SharedKernel.Tests\WM.SharedKernel.Tests.csproj", "{18A5FCC8-C912-41F8-A80C-6C3DAD85BF5F}"
EndProject
Project("{2150E333-8FDC-42A3-9474-1A3956D46DE8}") = "Modules", "Modules", "{EC447DCF-ABFA-6E24-52A5-D7FD48A5C558}"
EndProject
Project("{2150E333-8FDC-42A3-9474-1A3956D46DE8}") = "Identity", "Identity", "{0EC62A1A-9858-3A60-8A0C-FC9AACFA2EC7}"
EndProject
Project("{FAE04EC0-301F-11D3-BF4B-00C04F79EFBC}") = "WM.Modules.Identity.Tests", "src\Modules\Identity\WM.Modules.Identity.Tests\WM.Modules.Identity.Tests.csproj", "{F567EE8C-D7B6-40BB-B8D7-CF62CFAE2790}"
EndProject
Project("{FAE04EC0-301F-11D3-BF4B-00C04F79EFBC}") = "WM.Api.Tests", "src\Api\WM.Api.Tests\WM.Api.Tests.csproj", "{613F8B65-6724-49C1-97FF-630452920CEB}"
EndProject
Project("{2150E333-8FDC-42A3-9474-1A3956D46DE8}") = "People", "People", "{FB901AB3-C8F3-23E5-8951-C47D4319CB29}"
EndProject
Project("{FAE04EC0-301F-11D3-BF4B-00C04F79EFBC}") = "WM.Modules.People.Tests", "src\Modules\People\WM.Modules.People.Tests\WM.Modules.People.Tests.csproj", "{C25ABC4B-0E3D-49A0-8EAB-EB0C5AE69F2A}"
EndProject
Project("{2150E333-8FDC-42A3-9474-1A3956D46DE8}") = "TimeAttendance", "TimeAttendance", "{E34EAB08-241B-FF4B-8B65-32E5196C21FC}"
EndProject
Project("{FAE04EC0-301F-11D3-BF4B-00C04F79EFBC}") = "WM.Modules.TimeAttendance.Tests", "src\Modules\TimeAttendance\WM.Modules.TimeAttendance.Tests\WM.Modules.TimeAttendance.Tests.csproj", "{03A6C82B-8BBE-4630-BC3E-59BDD83CD238}"
EndProject
Global
	GlobalSection(SolutionConfigurationPlatforms) = preSolution
		Debug|Any CPU = Debug|Any CPU
		Debug|x64 = Debug|x64
		Debug|x86 = Debug|x86
		Release|Any CPU = Release|Any CPU
		Release|x64 = Release|x64
		Release|x86 = Release|x86
	EndGlobalSection
	GlobalSection(ProjectConfigurationPlatforms) = postSolution
		{D3BAC62C-FD58-4A02-BE4C-71936B661BAC}.Debug|Any CPU.ActiveCfg = Debug|Any CPU
		{D3BAC62C-FD58-4A02-BE4C-71936B661BAC}.Debug|Any CPU.Build.0 = Debug|Any CPU
		{D3BAC62C-FD58-4A02-BE4C-71936B661BAC}.Debug|x64.ActiveCfg = Debug|Any CPU
		{D3BAC62C-FD58-4A02-BE4C-71936B661BAC}.Debug|x64.Build.0 = Debug|Any CPU
		{D3BAC62C-FD58-4A02-BE4C-71936B661BAC}.Debug|x86.ActiveCfg = Debug|Any CPU
		{D3BAC62C-FD58-4A02-BE4C-71936B661BAC}.Debug|x86.Build.0 = Debug|Any CPU
		{D3BAC62C-FD58-4A02-BE4C-71936B661BAC}.Release|Any CPU.ActiveCfg = Release|Any CPU
		{D3BAC62C-FD58-4A02-BE4C-71936B661BAC}.Release|Any CPU.Build.0 = Release|Any CPU
		{D3BAC62C-FD58-4A02-BE4C-71936B661BAC}.Release|x64.ActiveCfg = Release|Any CPU
		{D3BAC62C-FD58-4A02-BE4C-71936B661BAC}.Release|x64.Build.0 = Release|Any CPU
		{D3BAC62C-FD58-4A02-BE4C-71936B661BAC}.Release|x86.ActiveCfg = Release|Any CPU
		{D3BAC62C-FD58-4A02-BE4C-71936B661BAC}.Release|x86.Build.0 = Release|Any CPU
		{30FA548A-ADE5-4578-84EA-3099DC88A090}.Debug|Any CPU.ActiveCfg = Debug|Any CPU
		{30FA548A-ADE5-4578-84EA-3099DC88A090}.Debug|Any CPU.Build.0 = Debug|Any CPU
		{30FA548A-ADE5-4578-84EA-3099DC88A090}.Debug|x64.ActiveCfg = Debug|Any CPU
		{30FA548A-ADE5-4578-84EA-3099DC88A090}.Debug|x64.Build.0 = Debug|Any CPU
		{30FA548A-ADE5-4578-84EA-3099DC88A090}.Debug|x86.ActiveCfg = Debug|Any CPU
		{30FA548A-ADE5-4578-84EA-3099DC88A090}.Debug|x86.Build.0 = Debug|Any CPU
		{30FA548A-ADE5-4578-84EA-3099DC88A090}.Release|Any CPU.ActiveCfg = Release|Any CPU
		{30FA548A-ADE5-4578-84EA-3099DC88A090}.Release|Any CPU.Build.0 = Release|Any CPU
		{30FA548A-ADE5-4578-84EA-3099DC88A090}.Release|x64.ActiveCfg = Release|Any CPU
		{30FA548A-ADE5-4578-84EA-3099DC88A090}.Release|x64.Build.0 = Release|Any CPU
		{30FA548A-ADE5-4578-84EA-3099DC88A090}.Release|x86.ActiveCfg = Release|Any CPU
		{30FA548A-ADE5-4578-84EA-3099DC88A090}.Release|x86.Build.0 = Release|Any CPU
		{BAB6EB0C-3822-45F6-AF95-790B18BC0354}.Debug|Any CPU.ActiveCfg = Debug|Any CPU
		{BAB6EB0C-3822-45F6-AF95-790B18BC0354}.Debug|Any CPU.Build.0 = Debug|Any CPU
		{BAB6EB0C-3822-45F6-AF95-790B18BC0354}.Debug|x64.ActiveCfg = Debug|Any CPU
		{BAB6EB0C-3822-45F6-AF95-790B18BC0354}.Debug|x64.Build.0 = Debug|Any CPU
		{BAB6EB0C-3822-45F6-AF95-790B18BC0354}.Debug|x86.ActiveCfg = Debug|Any CPU
		{BAB6EB0C-3822-45F6-AF95-790B18BC0354}.Debug|x86.Build.0 = Debug|Any CPU
		{BAB6EB0C-3822-45F6-AF95-790B18BC0354}.Release|Any CPU.ActiveCfg = Release|Any CPU
		{BAB6EB0C-3822-45F6-AF95-790B18BC0354}.Release|Any CPU.Build.0 = Release|Any CPU
		{BAB6EB0C-3822-45F6-AF95-790B18BC0354}.Release|x64.ActiveCfg = Release|Any CPU
		{BAB6EB0C-3822-45F6-AF95-790B18BC0354}.Release|x64.Build.0 = Release|Any CPU
		{BAB6EB0C-3822-45F6-AF95-790B18BC0354}.Release|x86.ActiveCfg = Release|Any CPU
		{BAB6EB0C-3822-45F6-AF95-790B18BC0354}.Release|x86.Build.0 = Release|Any CPU
		{2CE96B9A-0634-43D3-9B6E-FAFA99272E6A}.Debug|Any CPU.ActiveCfg = Debug|Any CPU
		{2CE96B9A-0634-43D3-9B6E-FAFA99272E6A}.Debug|Any CPU.Build.0 = Debug|Any CPU
		{2CE96B9A-0634-43D3-9B6E-FAFA99272E6A}.Debug|x64.ActiveCfg = Debug|Any CPU
		{2CE96B9A-0634-43D3-9B6E-FAFA99272E6A}.Debug|x64.Build.0 = Debug|Any CPU
		{2CE96B9A-0634-43D3-9B6E-FAFA99272E6A}.Debug|x86.ActiveCfg = Debug|Any CPU
		{2CE96B9A-0634-43D3-9B6E-FAFA99272E6A}.Debug|x86.Build.0 = Debug|Any CPU
		{2CE96B9A-0634-43D3-9B6E-FAFA99272E6A}.Release|Any CPU.ActiveCfg = Release|Any CPU
		{2CE96B9A-0634-43D3-9B6E-FAFA99272E6A}.Release|Any CPU.Build.0 = Release|Any CPU
		{2CE96B9A-0634-43D3-9B6E-FAFA99272E6A}.Release|x64.ActiveCfg = Release|Any CPU
		{2CE96B9A-0634-43D3-9B6E-FAFA99272E6A}.Release|x64.Build.0 = Release|Any CPU
		{2CE96B9A-0634-43D3-9B6E-FAFA99272E6A}.Release|x86.ActiveCfg = Release|Any CPU
		{2CE96B9A-0634-43D3-9B6E-FAFA99272E6A}.Release|x86.Build.0 = Release|Any CPU
		{03C10CBD-358B-4003-AE7A-A6787CB70FEE}.Debug|Any CPU.ActiveCfg = Debug|Any CPU
		{03C10CBD-358B-4003-AE7A-A6787CB70FEE}.Debug|Any CPU.Build.0 = Debug|Any CPU
		{03C10CBD-358B-4003-AE7A-A6787CB70FEE}.Debug|x64.ActiveCfg = Debug|Any CPU
		{03C10CBD-358B-4003-AE7A-A6787CB70FEE}.Debug|x64.Build.0 = Debug|Any CPU
		{03C10CBD-358B-4003-AE7A-A6787CB70FEE}.Debug|x86.ActiveCfg = Debug|Any CPU
		{03C10CBD-358B-4003-AE7A-A6787CB70FEE}.Debug|x86.Build.0 = Debug|Any CPU
		{03C10CBD-358B-4003-AE7A-A6787CB70FEE}.Release|Any CPU.ActiveCfg = Release|Any CPU
		{03C10CBD-358B-4003-AE7A-A6787CB70FEE}.Release|Any CPU.Build.0 = Release|Any CPU
		{03C10CBD-358B-4003-AE7A-A6787CB70FEE}.Release|x64.ActiveCfg = Release|Any CPU
		{03C10CBD-358B-4003-AE7A-A6787CB70FEE}.Release|x64.Build.0 = Release|Any CPU
		{03C10CBD-358B-4003-AE7A-A6787CB70FEE}.Release|x86.ActiveCfg = Release|Any CPU
		{03C10CBD-358B-4003-AE7A-A6787CB70FEE}.Release|x86.Build.0 = Release|Any CPU
		{DB33FD7D-802B-40B9-88C5-DCB2E320F094}.Debug|Any CPU.ActiveCfg = Debug|Any CPU
		{DB33FD7D-802B-40B9-88C5-DCB2E320F094}.Debug|Any CPU.Build.0 = Debug|Any CPU
		{DB33FD7D-802B-40B9-88C5-DCB2E320F094}.Debug|x64.ActiveCfg = Debug|Any CPU
		{DB33FD7D-802B-40B9-88C5-DCB2E320F094}.Debug|x64.Build.0 = Debug|Any CPU
		{DB33FD7D-802B-40B9-88C5-DCB2E320F094}.Debug|x86.ActiveCfg = Debug|Any CPU
		{DB33FD7D-802B-40B9-88C5-DCB2E320F094}.Debug|x86.Build.0 = Debug|Any CPU
		{DB33FD7D-802B-40B9-88C5-DCB2E320F094}.Release|Any CPU.ActiveCfg = Release|Any CPU
		{DB33FD7D-802B-40B9-88C5-DCB2E320F094}.Release|Any CPU.Build.0 = Release|Any CPU
		{DB33FD7D-802B-40B9-88C5-DCB2E320F094}.Release|x64.ActiveCfg = Release|Any CPU
		{DB33FD7D-802B-40B9-88C5-DCB2E320F094}.Release|x64.Build.0 = Release|Any CPU
		{DB33FD7D-802B-40B9-88C5-DCB2E320F094}.Release|x86.ActiveCfg = Release|Any CPU
		{DB33FD7D-802B-40B9-88C5-DCB2E320F094}.Release|x86.Build.0 = Release|Any CPU
		{FC2CC4D2-2901-40D6-9E43-9B66EAF71C6D}.Debug|Any CPU.ActiveCfg = Debug|Any CPU
		{FC2CC4D2-2901-40D6-9E43-9B66EAF71C6D}.Debug|Any CPU.Build.0 = Debug|Any CPU
		{FC2CC4D2-2901-40D6-9E43-9B66EAF71C6D}.Debug|x64.ActiveCfg = Debug|Any CPU
		{FC2CC4D2-2901-40D6-9E43-9B66EAF71C6D}.Debug|x64.Build.0 = Debug|Any CPU
		{FC2CC4D2-2901-40D6-9E43-9B66EAF71C6D}.Debug|x86.ActiveCfg = Debug|Any CPU
		{FC2CC4D2-2901-40D6-9E43-9B66EAF71C6D}.Debug|x86.Build.0 = Debug|Any CPU
		{FC2CC4D2-2901-40D6-9E43-9B66EAF71C6D}.Release|Any CPU.ActiveCfg = Release|Any CPU
		{FC2CC4D2-2901-40D6-9E43-9B66EAF71C6D}.Release|Any CPU.Build.0 = Release|Any CPU
		{FC2CC4D2-2901-40D6-9E43-9B66EAF71C6D}.Release|x64.ActiveCfg = Release|Any CPU
		{FC2CC4D2-2901-40D6-9E43-9B66EAF71C6D}.Release|x64.Build.0 = Release|Any CPU
		{FC2CC4D2-2901-40D6-9E43-9B66EAF71C6D}.Release|x86.ActiveCfg = Release|Any CPU
		{FC2CC4D2-2901-40D6-9E43-9B66EAF71C6D}.Release|x86.Build.0 = Release|Any CPU
		{76537EA9-E0B0-4573-BC05-47E4E65A0A99}.Debug|Any CPU.ActiveCfg = Debug|Any CPU
		{76537EA9-E0B0-4573-BC05-47E4E65A0A99}.Debug|Any CPU.Build.0 = Debug|Any CPU
		{76537EA9-E0B0-4573-BC05-47E4E65A0A99}.Debug|x64.ActiveCfg = Debug|Any CPU
		{76537EA9-E0B0-4573-BC05-47E4E65A0A99}.Debug|x64.Build.0 = Debug|Any CPU
		{76537EA9-E0B0-4573-BC05-47E4E65A0A99}.Debug|x86.ActiveCfg = Debug|Any CPU
		{76537EA9-E0B0-4573-BC05-47E4E65A0A99}.Debug|x86.Build.0 = Debug|Any CPU
		{76537EA9-E0B0-4573-BC05-47E4E65A0A99}.Release|Any CPU.ActiveCfg = Release|Any CPU
		{76537EA9-E0B0-4573-BC05-47E4E65A0A99}.Release|Any CPU.Build.0 = Release|Any CPU
		{76537EA9-E0B0-4573-BC05-47E4E65A0A99}.Release|x64.ActiveCfg = Release|Any CPU
		{76537EA9-E0B0-4573-BC05-47E4E65A0A99}.Release|x64.Build.0 = Release|Any CPU
		{76537EA9-E0B0-4573-BC05-47E4E65A0A99}.Release|x86.ActiveCfg = Release|Any CPU
		{76537EA9-E0B0-4573-BC05-47E4E65A0A99}.Release|x86.Build.0 = Release|Any CPU
		{DE10BC14-58A9-4B9D-B9E3-0DAAA9AC7D8B}.Debug|Any CPU.ActiveCfg = Debug|Any CPU
		{DE10BC14-58A9-4B9D-B9E3-0DAAA9AC7D8B}.Debug|Any CPU.Build.0 = Debug|Any CPU
		{DE10BC14-58A9-4B9D-B9E3-0DAAA9AC7D8B}.Debug|x64.ActiveCfg = Debug|Any CPU
		{DE10BC14-58A9-4B9D-B9E3-0DAAA9AC7D8B}.Debug|x64.Build.0 = Debug|Any CPU
		{DE10BC14-58A9-4B9D-B9E3-0DAAA9AC7D8B}.Debug|x86.ActiveCfg = Debug|Any CPU
		{DE10BC14-58A9-4B9D-B9E3-0DAAA9AC7D8B}.Debug|x86.Build.0 = Debug|Any CPU
		{DE10BC14-58A9-4B9D-B9E3-0DAAA9AC7D8B}.Release|Any CPU.ActiveCfg = Release|Any CPU
		{DE10BC14-58A9-4B9D-B9E3-0DAAA9AC7D8B}.Release|Any CPU.Build.0 = Release|Any CPU
		{DE10BC14-58A9-4B9D-B9E3-0DAAA9AC7D8B}.Release|x64.ActiveCfg = Release|Any CPU
		{DE10BC14-58A9-4B9D-B9E3-0DAAA9AC7D8B}.Release|x64.Build.0 = Release|Any CPU
		{DE10BC14-58A9-4B9D-B9E3-0DAAA9AC7D8B}.Release|x86.ActiveCfg = Release|Any CPU
		{DE10BC14-58A9-4B9D-B9E3-0DAAA9AC7D8B}.Release|x86.Build.0 = Release|Any CPU
		{7E05EFA2-BB5B-45A0-BC30-52E65FD449DC}.Debug|Any CPU.ActiveCfg = Debug|Any CPU
		{7E05EFA2-BB5B-45A0-BC30-52E65FD449DC}.Debug|Any CPU.Build.0 = Debug|Any CPU
		{7E05EFA2-BB5B-45A0-BC30-52E65FD449DC}.Debug|x64.ActiveCfg = Debug|Any CPU
		{7E05EFA2-BB5B-45A0-BC30-52E65FD449DC}.Debug|x64.Build.0 = Debug|Any CPU
		{7E05EFA2-BB5B-45A0-BC30-52E65FD449DC}.Debug|x86.ActiveCfg = Debug|Any CPU
		{7E05EFA2-BB5B-45A0-BC30-52E65FD449DC}.Debug|x86.Build.0 = Debug|Any CPU
		{7E05EFA2-BB5B-45A0-BC30-52E65FD449DC}.Release|Any CPU.ActiveCfg = Release|Any CPU
		{7E05EFA2-BB5B-45A0-BC30-52E65FD449DC}.Release|Any CPU.Build.0 = Release|Any CPU
		{7E05EFA2-BB5B-45A0-BC30-52E65FD449DC}.Release|x64.ActiveCfg = Release|Any CPU
		{7E05EFA2-BB5B-45A0-BC30-52E65FD449DC}.Release|x64.Build.0 = Release|Any CPU
		{7E05EFA2-BB5B-45A0-BC30-52E65FD449DC}.Release|x86.ActiveCfg = Release|Any CPU
		{7E05EFA2-BB5B-45A0-BC30-52E65FD449DC}.Release|x86.Build.0 = Release|Any CPU
		{18A5FCC8-C912-41F8-A80C-6C3DAD85BF5F}.Debug|Any CPU.ActiveCfg = Debug|Any CPU
		{18A5FCC8-C912-41F8-A80C-6C3DAD85BF5F}.Debug|Any CPU.Build.0 = Debug|Any CPU
		{18A5FCC8-C912-41F8-A80C-6C3DAD85BF5F}.Debug|x64.ActiveCfg = Debug|Any CPU
		{18A5FCC8-C912-41F8-A80C-6C3DAD85BF5F}.Debug|x64.Build.0 = Debug|Any CPU
		{18A5FCC8-C912-41F8-A80C-6C3DAD85BF5F}.Debug|x86.ActiveCfg = Debug|Any CPU
		{18A5FCC8-C912-41F8-A80C-6C3DAD85BF5F}.Debug|x86.Build.0 = Debug|Any CPU
		{18A5FCC8-C912-41F8-A80C-6C3DAD85BF5F}.Release|Any CPU.ActiveCfg = Release|Any CPU
		{18A5FCC8-C912-41F8-A80C-6C3DAD85BF5F}.Release|Any CPU.Build.0 = Release|Any CPU
		{18A5FCC8-C912-41F8-A80C-6C3DAD85BF5F}.Release|x64.ActiveCfg = Release|Any CPU
		{18A5FCC8-C912-41F8-A80C-6C3DAD85BF5F}.Release|x64.Build.0 = Release|Any CPU
		{18A5FCC8-C912-41F8-A80C-6C3DAD85BF5F}.Release|x86.ActiveCfg = Release|Any CPU
		{18A5FCC8-C912-41F8-A80C-6C3DAD85BF5F}.Release|x86.Build.0 = Release|Any CPU
		{F567EE8C-D7B6-40BB-B8D7-CF62CFAE2790}.Debug|Any CPU.ActiveCfg = Debug|Any CPU
		{F567EE8C-D7B6-40BB-B8D7-CF62CFAE2790}.Debug|Any CPU.Build.0 = Debug|Any CPU
		{F567EE8C-D7B6-40BB-B8D7-CF62CFAE2790}.Debug|x64.ActiveCfg = Debug|Any CPU
		{F567EE8C-D7B6-40BB-B8D7-CF62CFAE2790}.Debug|x64.Build.0 = Debug|Any CPU
		{F567EE8C-D7B6-40BB-B8D7-CF62CFAE2790}.Debug|x86.ActiveCfg = Debug|Any CPU
		{F567EE8C-D7B6-40BB-B8D7-CF62CFAE2790}.Debug|x86.Build.0 = Debug|Any CPU
		{F567EE8C-D7B6-40BB-B8D7-CF62CFAE2790}.Release|Any CPU.ActiveCfg = Release|Any CPU
		{F567EE8C-D7B6-40BB-B8D7-CF62CFAE2790}.Release|Any CPU.Build.0 = Release|Any CPU
		{F567EE8C-D7B6-40BB-B8D7-CF62CFAE2790}.Release|x64.ActiveCfg = Release|Any CPU
		{F567EE8C-D7B6-40BB-B8D7-CF62CFAE2790}.Release|x64.Build.0 = Release|Any CPU
		{F567EE8C-D7B6-40BB-B8D7-CF62CFAE2790}.Release|x86.ActiveCfg = Release|Any CPU
		{F567EE8C-D7B6-40BB-B8D7-CF62CFAE2790}.Release|x86.Build.0 = Release|Any CPU
		{613F8B65-6724-49C1-97FF-630452920CEB}.Debug|Any CPU.ActiveCfg = Debug|Any CPU
		{613F8B65-6724-49C1-97FF-630452920CEB}.Debug|Any CPU.Build.0 = Debug|Any CPU
		{613F8B65-6724-49C1-97FF-630452920CEB}.Debug|x64.ActiveCfg = Debug|Any CPU
		{613F8B65-6724-49C1-97FF-630452920CEB}.Debug|x64.Build.0 = Debug|Any CPU
		{613F8B65-6724-49C1-97FF-630452920CEB}.Debug|x86.ActiveCfg = Debug|Any CPU
		{613F8B65-6724-49C1-97FF-630452920CEB}.Debug|x86.Build.0 = Debug|Any CPU
		{613F8B65-6724-49C1-97FF-630452920CEB}.Release|Any CPU.ActiveCfg = Release|Any CPU
		{613F8B65-6724-49C1-97FF-630452920CEB}.Release|Any CPU.Build.0 = Release|Any CPU
		{613F8B65-6724-49C1-97FF-630452920CEB}.Release|x64.ActiveCfg = Release|Any CPU
		{613F8B65-6724-49C1-97FF-630452920CEB}.Release|x64.Build.0 = Release|Any CPU
		{613F8B65-6724-49C1-97FF-630452920CEB}.Release|x86.ActiveCfg = Release|Any CPU
		{613F8B65-6724-49C1-97FF-630452920CEB}.Release|x86.Build.0 = Release|Any CPU
		{C25ABC4B-0E3D-49A0-8EAB-EB0C5AE69F2A}.Debug|Any CPU.ActiveCfg = Debug|Any CPU
		{C25ABC4B-0E3D-49A0-8EAB-EB0C5AE69F2A}.Debug|Any CPU.Build.0 = Debug|Any CPU
		{C25ABC4B-0E3D-49A0-8EAB-EB0C5AE69F2A}.Debug|x64.ActiveCfg = Debug|Any CPU
		{C25ABC4B-0E3D-49A0-8EAB-EB0C5AE69F2A}.Debug|x64.Build.0 = Debug|Any CPU
		{C25ABC4B-0E3D-49A0-8EAB-EB0C5AE69F2A}.Debug|x86.ActiveCfg = Debug|Any CPU
		{C25ABC4B-0E3D-49A0-8EAB-EB0C5AE69F2A}.Debug|x86.Build.0 = Debug|Any CPU
		{C25ABC4B-0E3D-49A0-8EAB-EB0C5AE69F2A}.Release|Any CPU.ActiveCfg = Release|Any CPU
		{C25ABC4B-0E3D-49A0-8EAB-EB0C5AE69F2A}.Release|Any CPU.Build.0 = Release|Any CPU
		{C25ABC4B-0E3D-49A0-8EAB-EB0C5AE69F2A}.Release|x64.ActiveCfg = Release|Any CPU
		{C25ABC4B-0E3D-49A0-8EAB-EB0C5AE69F2A}.Release|x64.Build.0 = Release|Any CPU
		{C25ABC4B-0E3D-49A0-8EAB-EB0C5AE69F2A}.Release|x86.ActiveCfg = Release|Any CPU
		{C25ABC4B-0E3D-49A0-8EAB-EB0C5AE69F2A}.Release|x86.Build.0 = Release|Any CPU
		{03A6C82B-8BBE-4630-BC3E-59BDD83CD238}.Debug|Any CPU.ActiveCfg = Debug|Any CPU
		{03A6C82B-8BBE-4630-BC3E-59BDD83CD238}.Debug|Any CPU.Build.0 = Debug|Any CPU
		{03A6C82B-8BBE-4630-BC3E-59BDD83CD238}.Debug|x64.ActiveCfg = Debug|Any CPU
		{03A6C82B-8BBE-4630-BC3E-59BDD83CD238}.Debug|x64.Build.0 = Debug|Any CPU
		{03A6C82B-8BBE-4630-BC3E-59BDD83CD238}.Debug|x86.ActiveCfg = Debug|Any CPU
		{03A6C82B-8BBE-4630-BC3E-59BDD83CD238}.Debug|x86.Build.0 = Debug|Any CPU
		{03A6C82B-8BBE-4630-BC3E-59BDD83CD238}.Release|Any CPU.ActiveCfg = Release|Any CPU
		{03A6C82B-8BBE-4630-BC3E-59BDD83CD238}.Release|Any CPU.Build.0 = Release|Any CPU
		{03A6C82B-8BBE-4630-BC3E-59BDD83CD238}.Release|x64.ActiveCfg = Release|Any CPU
		{03A6C82B-8BBE-4630-BC3E-59BDD83CD238}.Release|x64.Build.0 = Release|Any CPU
		{03A6C82B-8BBE-4630-BC3E-59BDD83CD238}.Release|x86.ActiveCfg = Release|Any CPU
		{03A6C82B-8BBE-4630-BC3E-59BDD83CD238}.Release|x86.Build.0 = Release|Any CPU
	EndGlobalSection
	GlobalSection(SolutionProperties) = preSolution
		HideSolutionNode = FALSE
	EndGlobalSection
	GlobalSection(NestedProjects) = preSolution
		{B7CC8CD0-A0AD-9C63-30DA-1E3A37340A92} = {07D57EEB-2F50-60C4-C011-FE4FA775C9A8}
		{D3BAC62C-FD58-4A02-BE4C-71936B661BAC} = {B7CC8CD0-A0AD-9C63-30DA-1E3A37340A92}
		{30FA548A-ADE5-4578-84EA-3099DC88A090} = {B7CC8CD0-A0AD-9C63-30DA-1E3A37340A92}
		{BAB6EB0C-3822-45F6-AF95-790B18BC0354} = {B7CC8CD0-A0AD-9C63-30DA-1E3A37340A92}
		{2CE96B9A-0634-43D3-9B6E-FAFA99272E6A} = {B7CC8CD0-A0AD-9C63-30DA-1E3A37340A92}
		{03C10CBD-358B-4003-AE7A-A6787CB70FEE} = {B7CC8CD0-A0AD-9C63-30DA-1E3A37340A92}
		{DB33FD7D-802B-40B9-88C5-DCB2E320F094} = {B7CC8CD0-A0AD-9C63-30DA-1E3A37340A92}
		{FC2CC4D2-2901-40D6-9E43-9B66EAF71C6D} = {B7CC8CD0-A0AD-9C63-30DA-1E3A37340A92}
		{76537EA9-E0B0-4573-BC05-47E4E65A0A99} = {B7CC8CD0-A0AD-9C63-30DA-1E3A37340A92}
		{DE10BC14-58A9-4B9D-B9E3-0DAAA9AC7D8B} = {B7CC8CD0-A0AD-9C63-30DA-1E3A37340A92}
		{7E05EFA2-BB5B-45A0-BC30-52E65FD449DC} = {B7CC8CD0-A0AD-9C63-30DA-1E3A37340A92}
		{85F909CB-8F14-ECC8-BA9D-713D1771907F} = {827E0CD3-B72D-47B6-A68D-7590B98EB39B}
		{18A5FCC8-C912-41F8-A80C-6C3DAD85BF5F} = {85F909CB-8F14-ECC8-BA9D-713D1771907F}
		{EC447DCF-ABFA-6E24-52A5-D7FD48A5C558} = {827E0CD3-B72D-47B6-A68D-7590B98EB39B}
		{0EC62A1A-9858-3A60-8A0C-FC9AACFA2EC7} = {EC447DCF-ABFA-6E24-52A5-D7FD48A5C558}
		{F567EE8C-D7B6-40BB-B8D7-CF62CFAE2790} = {0EC62A1A-9858-3A60-8A0C-FC9AACFA2EC7}
		{613F8B65-6724-49C1-97FF-630452920CEB} = {827E0CD3-B72D-47B6-A68D-7590B98EB39B}
		{FB901AB3-C8F3-23E5-8951-C47D4319CB29} = {EC447DCF-ABFA-6E24-52A5-D7FD48A5C558}
		{C25ABC4B-0E3D-49A0-8EAB-EB0C5AE69F2A} = {FB901AB3-C8F3-23E5-8951-C47D4319CB29}
		{E34EAB08-241B-FF4B-8B65-32E5196C21FC} = {EC447DCF-ABFA-6E24-52A5-D7FD48A5C558}
		{03A6C82B-8BBE-4630-BC3E-59BDD83CD238} = {E34EAB08-241B-FF4B-8B65-32E5196C21FC}
	EndGlobalSection
EndGlobal
